
Microsoft Visual Studio Solution File, Format Version 12.00
# Visual Studio 2012
Project("{FAE04EC0-301F-11D3-BF4B-00C04F79EFBC}") = "ControlMyDevice", "ControlMyDevice\ControlMyDevice.csproj", "{706D8ED5-7A0D-4D11-9A91-A189B02B593B}"
EndProject
Global
	GlobalSection(SolutionConfigurationPlatforms) = preSolution
		Debug|Any CPU = Debug|Any CPU
		Release|Any CPU = Release|Any CPU
	EndGlobalSection
	GlobalSection(ProjectConfigurationPlatforms) = postSolution
		{706D8ED5-7A0D-4D11-9A91-A189B02B593B}.Debug|Any CPU.ActiveCfg = Debug|Any CPU
		{706D8ED5-7A0D-4D11-9A91-A189B02B593B}.Debug|Any CPU.Build.0 = Debug|Any CPU
		{706D8ED5-7A0D-4D11-9A91-A189B02B593B}.Release|Any CPU.ActiveCfg = Release|Any CPU
		{706D8ED5-7A0D-4D11-9A91-A189B02B593B}.Release|Any CPU.Build.0 = Release|Any CPU
	EndGlobalSection
EndGlobal
